
Microsoft Visual Studio Solution File, Format Version 12.00
Project("{FAE04EC0-301F-11D3-BF4B-00C04F79EFBC}") = "DotNetWrappers", "src\DotNetWrappers\DotNetWrappers.csproj", "{F069DCBA-4738-40DE-9959-B2483143B17B}"
EndProject
Project("{FAE04EC0-301F-11D3-BF4B-00C04F79EFBC}") = "DotNetWrappers.Interfaces", "src\DotNetWrappers.Interfaces\DotNetWrappers.Interfaces.csproj", "{B00195FB-76F2-493A-9697-5BF876B5CEC5}"
EndProject
Global
	GlobalSection(SolutionConfigurationPlatforms) = preSolution
		Debug|Any CPU = Debug|Any CPU
		Release|Any CPU = Release|Any CPU
	EndGlobalSection
	GlobalSection(ProjectConfigurationPlatforms) = postSolution
		{F069DCBA-4738-40DE-9959-B2483143B17B}.Debug|Any CPU.ActiveCfg = Debug|Any CPU
		{F069DCBA-4738-40DE-9959-B2483143B17B}.Debug|Any CPU.Build.0 = Debug|Any CPU
		{F069DCBA-4738-40DE-9959-B2483143B17B}.Release|Any CPU.ActiveCfg = Release|Any CPU
		{F069DCBA-4738-40DE-9959-B2483143B17B}.Release|Any CPU.Build.0 = Release|Any CPU
		{B00195FB-76F2-493A-9697-5BF876B5CEC5}.Debug|Any CPU.ActiveCfg = Debug|Any CPU
		{B00195FB-76F2-493A-9697-5BF876B5CEC5}.Debug|Any CPU.Build.0 = Debug|Any CPU
		{B00195FB-76F2-493A-9697-5BF876B5CEC5}.Release|Any CPU.ActiveCfg = Release|Any CPU
		{B00195FB-76F2-493A-9697-5BF876B5CEC5}.Release|Any CPU.Build.0 = Release|Any CPU
	EndGlobalSection
EndGlobal
